# This file is autogenerated, do not edit; changes may be undone by the next 'dep ensure'.


[[projects]]
  name = "github.com/google/uuid"
  packages = ["."]
  revision = "064e2069ce9c359c118179501254f67d7d37ba24"
  version = "0.2"

[[projects]]
  branch = "master"
  name = "github.com/kr/text"
  packages = ["."]
  revision = "7cafcd837844e784b526369c9bce262804aebc60"

[[projects]]
  branch = "master"
  name = "github.com/sokool/gokit"
  packages = ["cqrs","log","test/is"]
  revision = "4c492a0efa79405e15f9b8a0d9ea6ed223d203b1"

[[projects]]
  branch = "master"
  name = "github.com/tonnerre/golang-pretty"
  packages = ["."]
  revision = "e7fccc03e91bad289b96c21aa3312a220689bdd7"

[solve-meta]
  analyzer-name = "dep"
  analyzer-version = 1
  inputs-digest = "84a212fbacdeb6bf4f9e79ee96b753d696c758e3ef8c8ae6e35aaec6a1ae3995"
  solver-name = "gps-cdcl"
  solver-version = 1
